
Microsoft Visual Studio Solution File, Format Version 12.00
# Visual Studio Version 16
VisualStudioVersion = 16.0.30621.155
MinimumVisualStudioVersion = 10.0.40219.1
Project("{FAE04EC0-301F-11D3-BF4B-00C04F79EFBC}") = "WebCrawler", "WebCrawler\WebCrawler.csproj", "{3F56C446-69F0-4C8C-8396-F2A283245E6F}"
EndProject
Global
	GlobalSection(SolutionConfigurationPlatforms) = preSolution
		Debug|Any CPU = Debug|Any CPU
		Release|Any CPU = Release|Any CPU
	EndGlobalSection
	GlobalSection(ProjectConfigurationPlatforms) = postSolution
		{3F56C446-69F0-4C8C-8396-F2A283245E6F}.Debug|Any CPU.ActiveCfg = Debug|Any CPU
		{3F56C446-69F0-4C8C-8396-F2A283245E6F}.Debug|Any CPU.Build.0 = Debug|Any CPU
		{3F56C446-69F0-4C8C-8396-F2A283245E6F}.Release|Any CPU.ActiveCfg = Release|Any CPU
		{3F56C446-69F0-4C8C-8396-F2A283245E6F}.Release|Any CPU.Build.0 = Release|Any CPU
	EndGlobalSection
	GlobalSection(SolutionProperties) = preSolution
		HideSolutionNode = FALSE
	EndGlobalSection
	GlobalSection(ExtensibilityGlobals) = postSolution
		SolutionGuid = {138367A3-C0D0-45AE-86FA-0E4D399A13E9}
	EndGlobalSection
EndGlobal
